
Microsoft Visual Studio Solution File, Format Version 12.00
# Visual Studio Version 17
VisualStudioVersion = 17.0.31912.275
MinimumVisualStudioVersion = 10.0.40219.1
Project("{FAE04EC0-301F-11D3-BF4B-00C04F79EFBC}") = "assignment 2", "assignment 2\assignment 2.csproj", "{0E78B6AB-3DAE-46C2-BE15-93C20D20632F}"
EndProject
Global
	GlobalSection(SolutionConfigurationPlatforms) = preSolution
		Debug|Any CPU = Debug|Any CPU
		Release|Any CPU = Release|Any CPU
	EndGlobalSection
	GlobalSection(ProjectConfigurationPlatforms) = postSolution
		{0E78B6AB-3DAE-46C2-BE15-93C20D20632F}.Debug|Any CPU.ActiveCfg = Debug|Any CPU
		{0E78B6AB-3DAE-46C2-BE15-93C20D20632F}.Debug|Any CPU.Build.0 = Debug|Any CPU
		{0E78B6AB-3DAE-46C2-BE15-93C20D20632F}.Release|Any CPU.ActiveCfg = Release|Any CPU
		{0E78B6AB-3DAE-46C2-BE15-93C20D20632F}.Release|Any CPU.Build.0 = Release|Any CPU
	EndGlobalSection
	GlobalSection(SolutionProperties) = preSolution
		HideSolutionNode = FALSE
	EndGlobalSection
	GlobalSection(ExtensibilityGlobals) = postSolution
		SolutionGuid = {8F8092FD-A136-4AD4-9505-0280F5BAADE7}
	EndGlobalSection
EndGlobal
